
Microsoft Visual Studio Solution File, Format Version 12.00
# Visual Studio Version 17
VisualStudioVersion = 17.9.34728.123
MinimumVisualStudioVersion = 10.0.40219.1
Project("{FAE04EC0-301F-11D3-BF4B-00C04F79EFBC}") = "ExerciciosConsole", "ExerciciosConsole\ExerciciosConsole.csproj", "{7A35B40D-F4B7-49E5-8432-FCC9293341EF}"
EndProject
Global
	GlobalSection(SolutionConfigurationPlatforms) = preSolution
		Debug|Any CPU = Debug|Any CPU
		Release|Any CPU = Release|Any CPU
	EndGlobalSection
	GlobalSection(ProjectConfigurationPlatforms) = postSolution
		{7A35B40D-F4B7-49E5-8432-FCC9293341EF}.Debug|Any CPU.ActiveCfg = Debug|Any CPU
		{7A35B40D-F4B7-49E5-8432-FCC9293341EF}.Debug|Any CPU.Build.0 = Debug|Any CPU
		{7A35B40D-F4B7-49E5-8432-FCC9293341EF}.Release|Any CPU.ActiveCfg = Release|Any CPU
		{7A35B40D-F4B7-49E5-8432-FCC9293341EF}.Release|Any CPU.Build.0 = Release|Any CPU
	EndGlobalSection
	GlobalSection(SolutionProperties) = preSolution
		HideSolutionNode = FALSE
	EndGlobalSection
	GlobalSection(ExtensibilityGlobals) = postSolution
		SolutionGuid = {FAFDAD09-5D7B-4378-BE40-DD560258EAA8}
	EndGlobalSection
EndGlobal
